// !$*UTF8*$!
{
	archiveVersion = 1;
	classes = {
	};
	objectVersion = 77;
	objects = {

/* Begin PBXContainerItemProxy section */
		C0CD814D2FA6C7D6006EA9AC /* PBXContainerItemProxy */ = {
			isa = PBXContainerItemProxy;
			containerPortal = C0CD81332FA6C7D5006EA9AC /* Project object */;
			proxyType = 1;
			remoteGlobalIDString = C0CD813A2FA6C7D5006EA9AC;
			remoteInfo = TouchAndMove;
		};
		C0CD81572FA6C7D6006EA9AC /* PBXContainerItemProxy */ = {
			isa = PBXContainerItemProxy;
			containerPortal = C0CD81332FA6C7D5006EA9AC /* Project object */;
			proxyType = 1;
			remoteGlobalIDString = C0CD813A2FA6C7D5006EA9AC;
			remoteInfo = TouchAndMove;
		};
/* End PBXContainerItemProxy section */

/* Begin PBXFileReference section */
		C0CD813B2FA6C7D5006EA9AC /* TouchAndMove.app */ = {isa = PBXFileReference; explicitFileType = wrapper.application; includeInIndex = 0; path = TouchAndMove.app; sourceTree = BUILT_PRODUCTS_DIR; };
		C0CD814C2FA6C7D6006EA9AC /* TouchAndMoveTests.xctest */ = {isa = PBXFileReference; explicitFileType = wrapper.cfbundle; includeInIndex = 0; path = TouchAndMoveTests.xctest; sourceTree = BUILT_PRODUCTS_DIR; };
		C0CD81562FA6C7D6006EA9AC /* TouchAndMoveUITests.xctest */ = {isa = PBXFileReference; explicitFileType = wrapper.cfbundle; includeInIndex = 0; path = TouchAndMoveUITests.xctest; sourceTree = BUILT_PRODUCTS_DIR; };
/* End PBXFileReference section */

/* Begin PBXFileSystemSynchronizedBuildFileExceptionSet section */
		C0CD815E2FA6C7D6006EA9AC /* Exceptions for "TouchAndMove" folder in "TouchAndMove" target */ = {
			isa = PBXFileSystemSynchronizedBuildFileExceptionSet;
			membershipExceptions = (
				Info.plist,
			);
			target = C0CD813A2FA6C7D5006EA9AC /* TouchAndMove */;
		};
/* End PBXFileSystemSynchronizedBuildFileExceptionSet section */

/* Begin PBXFileSystemSynchronizedRootGroup section */
		C0CD813D2FA6C7D5006EA9AC /* TouchAndMove */ = {
			isa = PBXFileSystemSynchronizedRootGroup;
			exceptions = (
				C0CD815E2FA6C7D6006EA9AC /* Exceptions for "TouchAndMove" folder in "TouchAndMove" target */,
			);
			path = TouchAndMove;
			sourceTree = "<group>";
		};
		C0CD814F2FA6C7D6006EA9AC /* TouchAndMoveTests */ = {
			isa = PBXFileSystemSynchronizedRootGroup;
			path = TouchAndMoveTests;
			sourceTree = "<group>";
		};
		C0CD81592FA6C7D6006EA9AC /* TouchAndMoveUITests */ = {
			isa = PBXFileSystemSynchronizedRootGroup;
			path = TouchAndMoveUITests;
			sourceTree = "<group>";
		};
/* End PBXFileSystemSynchronizedRootGroup section */

/* Begin PBXFrameworksBuildPhase section */
		C0CD81382FA6C7D5006EA9AC /* Frameworks */ = {
			isa = PBXFrameworksBuildPhase;
			buildActionMask = 2147483647;
			files = (
			);
			runOnlyForDeploymentPostprocessing = 0;
		};
		C0CD81492FA6C7D6006EA9AC /* Frameworks */ = {
			isa = PBXFrameworksBuildPhase;
			buildActionMask = 2147483647;
			files = (
			);
			runOnlyForDeploymentPostprocessing = 0;
		};
		C0CD81532FA6C7D6006EA9AC /* Frameworks */ = {
			isa = PBXFrameworksBuildPhase;
			buildActionMask = 2147483647;
			files = (
			);
			runOnlyForDeploymentPostprocessing = 0;
		};
/* End PBXFrameworksBuildPhase section */

/* Begin PBXGroup section */
		C0CD81322FA6C7D5006EA9AC = {
			isa = PBXGroup;
			children = (
				C0CD813D2FA6C7D5006EA9AC /* TouchAndMove */,
				C0CD814F2FA6C7D6006EA9AC /* TouchAndMoveTests */,
				C0CD81592FA6C7D6006EA9AC /* TouchAndMoveUITests */,
				C0CD813C2FA6C7D5006EA9AC /* Products */,
			);
			sourceTree = "<group>";
		};
		C0CD813C2FA6C7D5006EA9AC /* Products */ = {
			isa = PBXGroup;
			children = (
				C0CD813B2FA6C7D5006EA9AC /* TouchAndMove.app */,
				C0CD814C2FA6C7D6006EA9AC /* TouchAndMoveTests.xctest */,
				C0CD81562FA6C7D6006EA9AC /* TouchAndMoveUITests.xctest */,
			);
			name = Products;
			sourceTree = "<group>";
		};
/* End PBXGroup section */

/* Begin PBXNativeTarget section */
		C0CD813A2FA6C7D5006EA9AC /* TouchAndMove */ = {
			isa = PBXNativeTarget;
			buildConfigurationList = C0CD815F2FA6C7D6006EA9AC /* Build configuration list for PBXNativeTarget "TouchAndMove" */;
			buildPhases = (
				C0CD81372FA6C7D5006EA9AC /* Sources */,
				C0CD81382FA6C7D5006EA9AC /* Frameworks */,
				C0CD81392FA6C7D5006EA9AC /* Resources */,
			);
			buildRules = (
			);
			dependencies = (
			);
			fileSystemSynchronizedGroups = (
				C0CD813D2FA6C7D5006EA9AC /* TouchAndMove */,
			);
			name = TouchAndMove;
			packageProductDependencies = (
			);
			productName = TouchAndMove;
			productReference = C0CD813B2FA6C7D5006EA9AC /* TouchAndMove.app */;
			productType = "com.apple.product-type.application";
		};
		C0CD814B2FA6C7D6006EA9AC /* TouchAndMoveTests */ = {
			isa = PBXNativeTarget;
			buildConfigurationList = C0CD81642FA6C7D6006EA9AC /* Build configuration list for PBXNativeTarget "TouchAndMoveTests" */;
			buildPhases = (
				C0CD81482FA6C7D6006EA9AC /* Sources */,
				C0CD81492FA6C7D6006EA9AC /* Frameworks */,
				C0CD814A2FA6C7D6006EA9AC /* Resources */,
			);
			buildRules = (
			);
			dependencies = (
				C0CD814E2FA6C7D6006EA9AC /* PBXTargetDependency */,
			);
			fileSystemSynchronizedGroups = (
				C0CD814F2FA6C7D6006EA9AC /* TouchAndMoveTests */,
			);
			name = TouchAndMoveTests;
			packageProductDependencies = (
			);
			productName = TouchAndMoveTests;
			productReference = C0CD814C2FA6C7D6006EA9AC /* TouchAndMoveTests.xctest */;
			productType = "com.apple.product-type.bundle.unit-test";
		};
		C0CD81552FA6C7D6006EA9AC /* TouchAndMoveUITests */ = {
			isa = PBXNativeTarget;
			buildConfigurationList = C0CD81672FA6C7D6006EA9AC /* Build configuration list for PBXNativeTarget "TouchAndMoveUITests" */;
			buildPhases = (
				C0CD81522FA6C7D6006EA9AC /* Sources */,
				C0CD81532FA6C7D6006EA9AC /* Frameworks */,
				C0CD81542FA6C7D6006EA9AC /* Resources */,
			);
			buildRules = (
			);
			dependencies = (
				C0CD81582FA6C7D6006EA9AC /* PBXTargetDependency */,
			);
			fileSystemSynchronizedGroups = (
				C0CD81592FA6C7D6006EA9AC /* TouchAndMoveUITests */,
			);
			name = TouchAndMoveUITests;
			packageProductDependencies = (
			);
			productName = TouchAndMoveUITests;
			productReference = C0CD81562FA6C7D6006EA9AC /* TouchAndMoveUITests.xctest */;
			productType = "com.apple.product-type.bundle.ui-testing";
		};
/* End PBXNativeTarget section */

/* Begin PBXProject section */
		C0CD81332FA6C7D5006EA9AC /* Project object */ = {
			isa = PBXProject;
			attributes = {
				BuildIndependentTargetsInParallel = 1;
				LastSwiftUpdateCheck = 2640;
				LastUpgradeCheck = 2640;
				TargetAttributes = {
					C0CD813A2FA6C7D5006EA9AC = {
						CreatedOnToolsVersion = 26.4;
					};
					C0CD814B2FA6C7D6006EA9AC = {
						CreatedOnToolsVersion = 26.4;
						TestTargetID = C0CD813A2FA6C7D5006EA9AC;
					};
					C0CD81552FA6C7D6006EA9AC = {
						CreatedOnToolsVersion = 26.4;
						TestTargetID = C0CD813A2FA6C7D5006EA9AC;
					};
				};
			};
			buildConfigurationList = C0CD81362FA6C7D5006EA9AC /* Build configuration list for PBXProject "TouchAndMove" */;
			developmentRegion = en;
			hasScannedForEncodings = 0;
			knownRegions = (
				en,
				Base,
			);
			mainGroup = C0CD81322FA6C7D5006EA9AC;
			minimizedProjectReferenceProxies = 1;
			preferredProjectObjectVersion = 77;
			productRefGroup = C0CD813C2FA6C7D5006EA9AC /* Products */;
			projectDirPath = "";
			projectRoot = "";
			targets = (
				C0CD813A2FA6C7D5006EA9AC /* TouchAndMove */,
				C0CD814B2FA6C7D6006EA9AC /* TouchAndMoveTests */,
				C0CD81552FA6C7D6006EA9AC /* TouchAndMoveUITests */,
			);
		};
/* End PBXProject section */

/* Begin PBXResourcesBuildPhase section */
		C0CD81392FA6C7D5006EA9AC /* Resources */ = {
			isa = PBXResourcesBuildPhase;
			buildActionMask = 2147483647;
			files = (
			);
			runOnlyForDeploymentPostprocessing = 0;
		};
		C0CD814A2FA6C7D6006EA9AC /* Resources */ = {
			isa = PBXResourcesBuildPhase;
			buildActionMask = 2147483647;
			files = (
			);
			runOnlyForDeploymentPostprocessing = 0;
		};
		C0CD81542FA6C7D6006EA9AC /* Resources */ = {
			isa = PBXResourcesBuildPhase;
			buildActionMask = 2147483647;
			files = (
			);
			runOnlyForDeploymentPostprocessing = 0;
		};
/* End PBXResourcesBuildPhase section */

/* Begin PBXSourcesBuildPhase section */
		C0CD81372FA6C7D5006EA9AC /* Sources */ = {
			isa = PBXSourcesBuildPhase;
			buildActionMask = 2147483647;
			files = (
			);
			runOnlyForDeploymentPostprocessing = 0;
		};
		C0CD81482FA6C7D6006EA9AC /* Sources */ = {
			isa = PBXSourcesBuildPhase;
			buildActionMask = 2147483647;
			files = (
			);
			runOnlyForDeploymentPostprocessing = 0;
		};
		C0CD81522FA6C7D6006EA9AC /* Sources */ = {
			isa = PBXSourcesBuildPhase;
			buildActionMask = 2147483647;
			files = (
			);
			runOnlyForDeploymentPostprocessing = 0;
		};
/* End PBXSourcesBuildPhase section */

/* Begin PBXTargetDependency section */
		C0CD814E2FA6C7D6006EA9AC /* PBXTargetDependency */ = {
			isa = PBXTargetDependency;
			target = C0CD813A2FA6C7D5006EA9AC /* TouchAndMove */;
			targetProxy = C0CD814D2FA6C7D6006EA9AC /* PBXContainerItemProxy */;
		};
		C0CD81582FA6C7D6006EA9AC /* PBXTargetDependency */ = {
			isa = PBXTargetDependency;
			target = C0CD813A2FA6C7D5006EA9AC /* TouchAndMove */;
			targetProxy = C0CD81572FA6C7D6006EA9AC /* PBXContainerItemProxy */;
		};
/* End PBXTargetDependency section */

/* Begin XCBuildConfiguration section */
		C0CD81602FA6C7D6006EA9AC /* Debug */ = {
			isa = XCBuildConfiguration;
			buildSettings = {
				ASSETCATALOG_COMPILER_APPICON_NAME = AppIcon;
				ASSETCATALOG_COMPILER_GLOBAL_ACCENT_COLOR_NAME = AccentColor;
				CODE_SIGN_ENTITLEMENTS = TouchAndMove/TouchAndMove.entitlements;
				CODE_SIGN_STYLE = Automatic;
				CURRENT_PROJECT_VERSION = 1;
				DEVELOPMENT_TEAM = 3X3F6UJ44H;
				ENABLE_PREVIEWS = YES;
				GENERATE_INFOPLIST_FILE = YES;
				INFOPLIST_FILE = TouchAndMove/Info.plist;
				INFOPLIST_KEY_UIApplicationSceneManifest_Generation = YES;
				INFOPLIST_KEY_UIApplicationSupportsIndirectInputEvents = YES;
				INFOPLIST_KEY_UILaunchScreen_Generation = YES;
				INFOPLIST_KEY_UISupportedInterfaceOrientations_iPad = "UIInterfaceOrientationPortrait UIInterfaceOrientationPortraitUpsideDown UIInterfaceOrientationLandscapeLeft UIInterfaceOrientationLandscapeRight";
				INFOPLIST_KEY_UISupportedInterfaceOrientations_iPhone = "UIInterfaceOrientationPortrait UIInterfaceOrientationLandscapeLeft UIInterfaceOrientationLandscapeRight";
				LD_RUNPATH_SEARCH_PATHS = (
					"$(inherited)",
					"@executable_path/Frameworks",
				);
				MARKETING_VERSION = 1.0;
				PRODUCT_BUNDLE_IDENTIFIER = "com.Claudes-X26-Swift-Bible.TouchAndMove";
				PRODUCT_NAME = "$(TARGET_NAME)";
				STRING_CATALOG_GENERATE_SYMBOLS = YES;
				SWIFT_APPROACHABLE_CONCURRENCY = YES;
				SWIFT_DEFAULT_ACTOR_ISOLATION = MainActor;
				SWIFT_EMIT_LOC_STRINGS = YES;
				SWIFT_UPCOMING_FEATURE_MEMBER_IMPORT_VISIBILITY = YES;
				SWIFT_VERSION = 5.0;
				TARGETED_DEVICE_FAMILY = "1,2";
			};
			name = Debug;
		};
		C0CD81612FA6C7D6006EA9AC /* Release */ = {
			isa = XCBuildConfiguration;
			buildSettings = {
				ASSETCATALOG_COMPILER_APPICON_NAME = AppIcon;
				ASSETCATALOG_COMPILER_GLOBAL_ACCENT_COLOR_NAME = AccentColor;
				CODE_SIGN_ENTITLEMENTS = TouchAndMove/TouchAndMove.entitlements;
				CODE_SIGN_STYLE = Automatic;
				CURRENT_PROJECT_VERSION = 1;
				DEVELOPMENT_TEAM = 3X3F6UJ44H;
				ENABLE_PREVIEWS = YES;
				GENERATE_INFOPLIST_FILE = YES;
				INFOPLIST_FILE = TouchAndMove/Info.plist;
				INFOPLIST_KEY_UIApplicationSceneManifest_Generation = YES;
				INFOPLIST_KEY_UIApplicationSupportsIndirectInputEvents = YES;
				INFOPLIST_KEY_UILaunchScreen_Generation = YES;
				INFOPLIST_KEY_UISupportedInterfaceOrientations_iPad = "UIInterfaceOrientationPortrait UIInterfaceOrientationPortraitUpsideDown UIInterfaceOrientationLandscapeLeft UIInterfaceOrientationLandscapeRight";
				INFOPLIST_KEY_UISupportedInterfaceOrientations_iPhone = "UIInterfaceOrientationPortrait UIInterfaceOrientationLandscapeLeft UIInterfaceOrientationLandscapeRight";
				LD_RUNPATH_SEARCH_PATHS = (
					"$(inherited)",
					"@executable_path/Frameworks",
				);
				MARKETING_VERSION = 1.0;
				PRODUCT_BUNDLE_IDENTIFIER = "com.Claudes-X26-Swift-Bible.TouchAndMove";
				PRODUCT_NAME = "$(TARGET_NAME)";
				STRING_CATALOG_GENERATE_SYMBOLS = YES;
				SWIFT_APPROACHABLE_CONCURRENCY = YES;
				SWIFT_DEFAULT_ACTOR_ISOLATION = MainActor;
				SWIFT_EMIT_LOC_STRINGS = YES;
				SWIFT_UPCOMING_FEATURE_MEMBER_IMPORT_VISIBILITY = YES;
				SWIFT_VERSION = 5.0;
				TARGETED_DEVICE_FAMILY = "1,2";
			};
			name = Release;
		};
		C0CD81622FA6C7D6006EA9AC /* Debug */ = {
			isa = XCBuildConfiguration;
			buildSettings = {
				ALWAYS_SEARCH_USER_PATHS = NO;
				ASSETCATALOG_COMPILER_GENERATE_SWIFT_ASSET_SYMBOL_EXTENSIONS = YES;
				CLANG_ANALYZER_NONNULL = YES;
				CLANG_ANALYZER_NUMBER_OBJECT_CONVERSION = YES_AGGRESSIVE;
				CLANG_CXX_LANGUAGE_STANDARD = "gnu++20";
				CLANG_ENABLE_MODULES = YES;
				CLANG_ENABLE_OBJC_ARC = YES;
				CLANG_ENABLE_OBJC_WEAK = YES;
				CLANG_WARN_BLOCK_CAPTURE_AUTORELEASING = YES;
				CLANG_WARN_BOOL_CONVERSION = YES;
				CLANG_WARN_COMMA = YES;
				CLANG_WARN_CONSTANT_CONVERSION = YES;
				CLANG_WARN_DEPRECATED_OBJC_IMPLEMENTATIONS = YES;
				CLANG_WARN_DIRECT_OBJC_ISA_USAGE = YES_ERROR;
				CLANG_WARN_DOCUMENTATION_COMMENTS = YES;
				CLANG_WARN_EMPTY_BODY = YES;
				CLANG_WARN_ENUM_CONVERSION = YES;
				CLANG_WARN_INFINITE_RECURSION = YES;
				CLANG_WARN_INT_CONVERSION = YES;
				CLANG_WARN_NON_LITERAL_NULL_CONVERSION = YES;
				CLANG_WARN_OBJC_IMPLICIT_RETAIN_SELF = YES;
				CLANG_WARN_OBJC_LITERAL_CONVERSION = YES;
				CLANG_WARN_OBJC_ROOT_CLASS = YES_ERROR;
				CLANG_WARN_QUOTED_INCLUDE_IN_FRAMEWORK_HEADER = YES;
				CLANG_WARN_RANGE_LOOP_ANALYSIS = YES;
				CLANG_WARN_STRICT_PROTOTYPES = YES;
				CLANG_WARN_SUSPICIOUS_MOVE = YES;
				CLANG_WARN_UNGUARDED_AVAILABILITY = YES_AGGRESSIVE;
				CLANG_WARN_UNREACHABLE_CODE = YES;
				CLANG_WARN__DUPLICATE_METHOD_MATCH = YES;
				COPY_PHASE_STRIP = NO;
				DEBUG_INFORMATION_FORMAT = dwarf;
				DEVELOPMENT_TEAM = 3X3F6UJ44H;
				ENABLE_STRICT_OBJC_MSGSEND = YES;
				ENABLE_TESTABILITY = YES;
				ENABLE_USER_SCRIPT_SANDBOXING = YES;
				GCC_C_LANGUAGE_STANDARD = gnu17;
				GCC_DYNAMIC_NO_PIC = NO;
				GCC_NO_COMMON_BLOCKS = YES;
				GCC_OPTIMIZATION_LEVEL = 0;
				GCC_PREPROCESSOR_DEFINITIONS = (
					"DEBUG=1",
					"$(inherited)",
				);
				GCC_WARN_64_TO_32_BIT_CONVERSION = YES;
				GCC_WARN_ABOUT_RETURN_TYPE = YES_ERROR;
				GCC_WARN_UNDECLARED_SELECTOR = YES;
				GCC_WARN_UNINITIALIZED_AUTOS = YES_AGGRESSIVE;
				GCC_WARN_UNUSED_FUNCTION = YES;
				GCC_WARN_UNUSED_VARIABLE = YES;
				IPHONEOS_DEPLOYMENT_TARGET = 26.4;
				LOCALIZATION_PREFERS_STRING_CATALOGS = YES;
				MTL_ENABLE_DEBUG_INFO = INCLUDE_SOURCE;
				MTL_FAST_MATH = YES;
				ONLY_ACTIVE_ARCH = YES;
				SDKROOT = iphoneos;
				SWIFT_ACTIVE_COMPILATION_CONDITIONS = "DEBUG $(inherited)";
				SWIFT_OPTIMIZATION_LEVEL = "-Onone";
			};
			name = Debug;
		};
		C0CD81632FA6C7D6006EA9AC /* Release */ = {
			isa = XCBuildConfiguration;
			buildSettings = {
				ALWAYS_SEARCH_USER_PATHS = NO;
				ASSETCATALOG_COMPILER_GENERATE_SWIFT_ASSET_SYMBOL_EXTENSIONS = YES;
				CLANG_ANALYZER_NONNULL = YES;
				CLANG_ANALYZER_NUMBER_OBJECT_CONVERSION = YES_AGGRESSIVE;
				CLANG_CXX_LANGUAGE_STANDARD = "gnu++20";
				CLANG_ENABLE_MODULES = YES;
				CLANG_ENABLE_OBJC_ARC = YES;
				CLANG_ENABLE_OBJC_WEAK = YES;
				CLANG_WARN_BLOCK_CAPTURE_AUTORELEASING = YES;
				CLANG_WARN_BOOL_CONVERSION = YES;
				CLANG_WARN_COMMA = YES;
				CLANG_WARN_CONSTANT_CONVERSION = YES;
				CLANG_WARN_DEPRECATED_OBJC_IMPLEMENTATIONS = YES;
				CLANG_WARN_DIRECT_OBJC_ISA_USAGE = YES_ERROR;
				CLANG_WARN_DOCUMENTATION_COMMENTS = YES;
				CLANG_WARN_EMPTY_BODY = YES;
				CLANG_WARN_ENUM_CONVERSION = YES;
				CLANG_WARN_INFINITE_RECURSION = YES;
				CLANG_WARN_INT_CONVERSION = YES;
				CLANG_WARN_NON_LITERAL_NULL_CONVERSION = YES;
				CLANG_WARN_OBJC_IMPLICIT_RETAIN_SELF = YES;
				CLANG_WARN_OBJC_LITERAL_CONVERSION = YES;
				CLANG_WARN_OBJC_ROOT_CLASS = YES_ERROR;
				CLANG_WARN_QUOTED_INCLUDE_IN_FRAMEWORK_HEADER = YES;
				CLANG_WARN_RANGE_LOOP_ANALYSIS = YES;
				CLANG_WARN_STRICT_PROTOTYPES = YES;
				CLANG_WARN_SUSPICIOUS_MOVE = YES;
				CLANG_WARN_UNGUARDED_AVAILABILITY = YES_AGGRESSIVE;
				CLANG_WARN_UNREACHABLE_CODE = YES;
				CLANG_WARN__DUPLICATE_METHOD_MATCH = YES;
				COPY_PHASE_STRIP = NO;
				DEBUG_INFORMATION_FORMAT = "dwarf-with-dsym";
				DEVELOPMENT_TEAM = 3X3F6UJ44H;
				ENABLE_NS_ASSERTIONS = NO;
				ENABLE_STRICT_OBJC_MSGSEND = YES;
				ENABLE_USER_SCRIPT_SANDBOXING = YES;
				GCC_C_LANGUAGE_STANDARD = gnu17;
				GCC_NO_COMMON_BLOCKS = YES;
				GCC_WARN_64_TO_32_BIT_CONVERSION = YES;
				GCC_WARN_ABOUT_RETURN_TYPE = YES_ERROR;
				GCC_WARN_UNDECLARED_SELECTOR = YES;
				GCC_WARN_UNINITIALIZED_AUTOS = YES_AGGRESSIVE;
				GCC_WARN_UNUSED_FUNCTION = YES;
				GCC_WARN_UNUSED_VARIABLE = YES;
				IPHONEOS_DEPLOYMENT_TARGET = 26.4;
				LOCALIZATION_PREFERS_STRING_CATALOGS = YES;
				MTL_ENABLE_DEBUG_INFO = NO;
				MTL_FAST_MATH = YES;
				SDKROOT = iphoneos;
				SWIFT_COMPILATION_MODE = wholemodule;
				VALIDATE_PRODUCT = YES;
			};
			name = Release;
		};
		C0CD81652FA6C7D6006EA9AC /* Debug */ = {
			isa = XCBuildConfiguration;
			buildSettings = {
				BUNDLE_LOADER = "$(TEST_HOST)";
				CODE_SIGN_STYLE = Automatic;
				CURRENT_PROJECT_VERSION = 1;
				DEVELOPMENT_TEAM = 3X3F6UJ44H;
				GENERATE_INFOPLIST_FILE = YES;
				IPHONEOS_DEPLOYMENT_TARGET = 26.4;
				MARKETING_VERSION = 1.0;
				PRODUCT_BUNDLE_IDENTIFIER = "com.Claudes-X26-Swift-Bible.TouchAndMoveTests";
				PRODUCT_NAME = "$(TARGET_NAME)";
				STRING_CATALOG_GENERATE_SYMBOLS = NO;
				SWIFT_APPROACHABLE_CONCURRENCY = YES;
				SWIFT_EMIT_LOC_STRINGS = NO;
				SWIFT_UPCOMING_FEATURE_MEMBER_IMPORT_VISIBILITY = YES;
				SWIFT_VERSION = 5.0;
				TARGETED_DEVICE_FAMILY = "1,2";
				TEST_HOST = "$(BUILT_PRODUCTS_DIR)/TouchAndMove.app/$(BUNDLE_EXECUTABLE_FOLDER_PATH)/TouchAndMove";
			};
			name = Debug;
		};
		C0CD81662FA6C7D6006EA9AC /* Release */ = {
			isa = XCBuildConfiguration;
			buildSettings = {
				BUNDLE_LOADER = "$(TEST_HOST)";
				CODE_SIGN_STYLE = Automatic;
				CURRENT_PROJECT_VERSION = 1;
				DEVELOPMENT_TEAM = 3X3F6UJ44H;
				GENERATE_INFOPLIST_FILE = YES;
				IPHONEOS_DEPLOYMENT_TARGET = 26.4;
				MARKETING_VERSION = 1.0;
				PRODUCT_BUNDLE_IDENTIFIER = "com.Claudes-X26-Swift-Bible.TouchAndMoveTests";
				PRODUCT_NAME = "$(TARGET_NAME)";
				STRING_CATALOG_GENERATE_SYMBOLS = NO;
				SWIFT_APPROACHABLE_CONCURRENCY = YES;
				SWIFT_EMIT_LOC_STRINGS = NO;
				SWIFT_UPCOMING_FEATURE_MEMBER_IMPORT_VISIBILITY = YES;
				SWIFT_VERSION = 5.0;
				TARGETED_DEVICE_FAMILY = "1,2";
				TEST_HOST = "$(BUILT_PRODUCTS_DIR)/TouchAndMove.app/$(BUNDLE_EXECUTABLE_FOLDER_PATH)/TouchAndMove";
			};
			name = Release;
		};
		C0CD81682FA6C7D6006EA9AC /* Debug */ = {
			isa = XCBuildConfiguration;
			buildSettings = {
				CODE_SIGN_STYLE = Automatic;
				CURRENT_PROJECT_VERSION = 1;
				DEVELOPMENT_TEAM = 3X3F6UJ44H;
				GENERATE_INFOPLIST_FILE = YES;
				MARKETING_VERSION = 1.0;
				PRODUCT_BUNDLE_IDENTIFIER = "com.Claudes-X26-Swift-Bible.TouchAndMoveUITests";
				PRODUCT_NAME = "$(TARGET_NAME)";
				STRING_CATALOG_GENERATE_SYMBOLS = NO;
				SWIFT_APPROACHABLE_CONCURRENCY = YES;
				SWIFT_EMIT_LOC_STRINGS = NO;
				SWIFT_UPCOMING_FEATURE_MEMBER_IMPORT_VISIBILITY = YES;
				SWIFT_VERSION = 5.0;
				TARGETED_DEVICE_FAMILY = "1,2";
				TEST_TARGET_NAME = TouchAndMove;
			};
			name = Debug;
		};
		C0CD81692FA6C7D6006EA9AC /* Release */ = {
			isa = XCBuildConfiguration;
			buildSettings = {
				CODE_SIGN_STYLE = Automatic;
				CURRENT_PROJECT_VERSION = 1;
				DEVELOPMENT_TEAM = 3X3F6UJ44H;
				GENERATE_INFOPLIST_FILE = YES;
				MARKETING_VERSION = 1.0;
				PRODUCT_BUNDLE_IDENTIFIER = "com.Claudes-X26-Swift-Bible.TouchAndMoveUITests";
				PRODUCT_NAME = "$(TARGET_NAME)";
				STRING_CATALOG_GENERATE_SYMBOLS = NO;
				SWIFT_APPROACHABLE_CONCURRENCY = YES;
				SWIFT_EMIT_LOC_STRINGS = NO;
				SWIFT_UPCOMING_FEATURE_MEMBER_IMPORT_VISIBILITY = YES;
				SWIFT_VERSION = 5.0;
				TARGETED_DEVICE_FAMILY = "1,2";
				TEST_TARGET_NAME = TouchAndMove;
			};
			name = Release;
		};
/* End XCBuildConfiguration section */

/* Begin XCConfigurationList section */
		C0CD81362FA6C7D5006EA9AC /* Build configuration list for PBXProject "TouchAndMove" */ = {
			isa = XCConfigurationList;
			buildConfigurations = (
				C0CD81622FA6C7D6006EA9AC /* Debug */,
				C0CD81632FA6C7D6006EA9AC /* Release */,
			);
			defaultConfigurationIsVisible = 0;
			defaultConfigurationName = Release;
		};
		C0CD815F2FA6C7D6006EA9AC /* Build configuration list for PBXNativeTarget "TouchAndMove" */ = {
			isa = XCConfigurationList;
			buildConfigurations = (
				C0CD81602FA6C7D6006EA9AC /* Debug */,
				C0CD81612FA6C7D6006EA9AC /* Release */,
			);
			defaultConfigurationIsVisible = 0;
			defaultConfigurationName = Release;
		};
		C0CD81642FA6C7D6006EA9AC /* Build configuration list for PBXNativeTarget "TouchAndMoveTests" */ = {
			isa = XCConfigurationList;
			buildConfigurations = (
				C0CD81652FA6C7D6006EA9AC /* Debug */,
				C0CD81662FA6C7D6006EA9AC /* Release */,
			);
			defaultConfigurationIsVisible = 0;
			defaultConfigurationName = Release;
		};
		C0CD81672FA6C7D6006EA9AC /* Build configuration list for PBXNativeTarget "TouchAndMoveUITests" */ = {
			isa = XCConfigurationList;
			buildConfigurations = (
				C0CD81682FA6C7D6006EA9AC /* Debug */,
				C0CD81692FA6C7D6006EA9AC /* Release */,
			);
			defaultConfigurationIsVisible = 0;
			defaultConfigurationName = Release;
		};
/* End XCConfigurationList section */
	};
	rootObject = C0CD81332FA6C7D5006EA9AC /* Project object */;
}
